
Microsoft Visual Studio Solution File, Format Version 12.00
# Visual Studio Version 17
VisualStudioVersion = 17.2.32516.85
MinimumVisualStudioVersion = 10.0.40219.1
Project("{FAE04EC0-301F-11D3-BF4B-00C04F79EFBC}") = "CSharpProject", "CSharpProject\CSharpProject.csproj", "{15570AF7-C904-4AE3-B6A2-9439F5701A27}"
EndProject
Global
	GlobalSection(SolutionConfigurationPlatforms) = preSolution
		Debug|Any CPU = Debug|Any CPU
		Release|Any CPU = Release|Any CPU
	EndGlobalSection
	GlobalSection(ProjectConfigurationPlatforms) = postSolution
		{15570AF7-C904-4AE3-B6A2-9439F5701A27}.Debug|Any CPU.ActiveCfg = Debug|Any CPU
		{15570AF7-C904-4AE3-B6A2-9439F5701A27}.Debug|Any CPU.Build.0 = Debug|Any CPU
		{15570AF7-C904-4AE3-B6A2-9439F5701A27}.Release|Any CPU.ActiveCfg = Release|Any CPU
		{15570AF7-C904-4AE3-B6A2-9439F5701A27}.Release|Any CPU.Build.0 = Release|Any CPU
	EndGlobalSection
	GlobalSection(SolutionProperties) = preSolution
		HideSolutionNode = FALSE
	EndGlobalSection
	GlobalSection(ExtensibilityGlobals) = postSolution
		SolutionGuid = {72108784-F675-4569-84A6-A7527BC6C6DE}
	EndGlobalSection
EndGlobal
